PODS:
  - TwitterCore (3.1.0)
  - TwitterKit (3.3.0):
    - TwitterCore (>= 3.1.0)

DEPENDENCIES:
  - TwitterKit

SPEC REPOS:
  https://github.com/CocoaPods/Specs.git:
    - TwitterCore
    - TwitterKit

SPEC CHECKSUMS:
  TwitterCore: 644d59e75abccb26cf0a9050d2c4dea0e5412241
  TwitterKit: a2e60ddcedbf54091eac6f27685ca7a87681e1d7

PODFILE CHECKSUM: 642411415a907397cc826f11316496f69f7774ce

COCOAPODS: 1.5.0
