// !$*UTF8*$!
{
	archiveVersion = 1;
	classes = {
	};
	objectVersion = 48;
	objects = {

/* Begin PBXBuildFile section */
		3EA8BB92FC2653B50C9CBB67 /* Pods_MeguroCameraTests.framework in Frameworks */ = {isa = PBXBuildFile; fileRef = 9CBE2233E985059D78A4DB81 /* Pods_MeguroCameraTests.framework */; };
		5500D4C820921B970039888F /* ViewController.swift in Sources */ = {isa = PBXBuildFile; fileRef = 5500D4BF20921B970039888F /* ViewController.swift */; };
		5500D4C920921B970039888F /* PreviewView.swift in Sources */ = {isa = PBXBuildFile; fileRef = 5500D4C020921B970039888F /* PreviewView.swift */; };
		5500D4CA20921B970039888F /* Assets.xcassets in Resources */ = {isa = PBXBuildFile; fileRef = 5500D4C120921B970039888F /* Assets.xcassets */; };
		5500D4CB20921B970039888F /* LaunchScreen.storyboard in Resources */ = {isa = PBXBuildFile; fileRef = 5500D4C220921B970039888F /* LaunchScreen.storyboard */; };
		5500D4CC20921B970039888F /* Main.storyboard in Resources */ = {isa = PBXBuildFile; fileRef = 5500D4C420921B970039888F /* Main.storyboard */; };
		5500D4CD20921B970039888F /* AppDelegate.swift in Sources */ = {isa = PBXBuildFile; fileRef = 5500D4C620921B970039888F /* AppDelegate.swift */; };
		5500D4CE20921B970039888F /* Info.plist in Resources */ = {isa = PBXBuildFile; fileRef = 5500D4C720921B970039888F /* Info.plist */; };
		552AB96C209C9DD700BB6B4F /* Constants.swift in Sources */ = {isa = PBXBuildFile; fileRef = 552AB96B209C9DD700BB6B4F /* Constants.swift */; };
		55ED60152095869A0018CE56 /* MeguroCameraTests.swift in Sources */ = {isa = PBXBuildFile; fileRef = 55ED60142095869A0018CE56 /* MeguroCameraTests.swift */; };
		55ED601D209588A40018CE56 /* BlackLineDrawer.swift in Sources */ = {isa = PBXBuildFile; fileRef = 55ED601C209588A40018CE56 /* BlackLineDrawer.swift */; };
		55ED6021209591440018CE56 /* BlackLineDrawerTests.swift in Sources */ = {isa = PBXBuildFile; fileRef = 55ED6020209591440018CE56 /* BlackLineDrawerTests.swift */; };
		80C59DDF67B872A8633BBF47 /* Pods_MeguroCamera.framework in Frameworks */ = {isa = PBXBuildFile; fileRef = B6A98DF9A8A22CD2EA95E3C5 /* Pods_MeguroCamera.framework */; };
/* End PBXBuildFile section */

/* Begin PBXContainerItemProxy section */
		55ED60172095869A0018CE56 /* PBXContainerItemProxy */ = {
			isa = PBXContainerItemProxy;
			containerPortal = 02611D881EEA5317009714B8 /* Project object */;
			proxyType = 1;
			remoteGlobalIDString = 02611D8F1EEA5317009714B8;
			remoteInfo = MeguroCamera;
		};
/* End PBXContainerItemProxy section */

/* Begin PBXFileReference section */
		02611D901EEA5317009714B8 /* MeguroCamera.app */ = {isa = PBXFileReference; explicitFileType = wrapper.application; includeInIndex = 0; path = MeguroCamera.app; sourceTree = BUILT_PRODUCTS_DIR; };
		5500D4BF20921B970039888F /* ViewController.swift */ = {isa = PBXFileReference; fileEncoding = 4; lastKnownFileType = sourcecode.swift; path = ViewController.swift; sourceTree = "<group>"; };
		5500D4C020921B970039888F /* PreviewView.swift */ = {isa = PBXFileReference; fileEncoding = 4; lastKnownFileType = sourcecode.swift; path = PreviewView.swift; sourceTree = "<group>"; };
		5500D4C120921B970039888F /* Assets.xcassets */ = {isa = PBXFileReference; lastKnownFileType = folder.assetcatalog; path = Assets.xcassets; sourceTree = "<group>"; };
		5500D4C320921B970039888F /* Base */ = {isa = PBXFileReference; lastKnownFileType = file.storyboard; name = Base; path = Base.lproj/LaunchScreen.storyboard; sourceTree = "<group>"; };
		5500D4C520921B970039888F /* Base */ = {isa = PBXFileReference; lastKnownFileType = file.storyboard; name = Base; path = Base.lproj/Main.storyboard; sourceTree = "<group>"; };
		5500D4C620921B970039888F /* AppDelegate.swift */ = {isa = PBXFileReference; fileEncoding = 4; lastKnownFileType = sourcecode.swift; path = AppDelegate.swift; sourceTree = "<group>"; };
		5500D4C720921B970039888F /* Info.plist */ = {isa = PBXFileReference; fileEncoding = 4; lastKnownFileType = text.plist.xml; path = Info.plist; sourceTree = "<group>"; };
		552AB96B209C9DD700BB6B4F /* Constants.swift */ = {isa = PBXFileReference; lastKnownFileType = sourcecode.swift; path = Constants.swift; sourceTree = "<group>"; };
		552AB96F209CA0BE00BB6B4F /* ja */ = {isa = PBXFileReference; lastKnownFileType = text.plist.strings; name = ja; path = ja.lproj/LaunchScreen.strings; sourceTree = "<group>"; };
		552AB970209CA0BE00BB6B4F /* ja */ = {isa = PBXFileReference; lastKnownFileType = text.plist.strings; name = ja; path = ja.lproj/Main.strings; sourceTree = "<group>"; };
		55ED60122095869A0018CE56 /* MeguroCameraTests.xctest */ = {isa = PBXFileReference; explicitFileType = wrapper.cfbundle; includeInIndex = 0; path = MeguroCameraTests.xctest; sourceTree = BUILT_PRODUCTS_DIR; };
		55ED60142095869A0018CE56 /* MeguroCameraTests.swift */ = {isa = PBXFileReference; lastKnownFileType = sourcecode.swift; path = MeguroCameraTests.swift; sourceTree = "<group>"; };
		55ED60162095869A0018CE56 /* Info.plist */ = {isa = PBXFileReference; lastKnownFileType = text.plist.xml; path = Info.plist; sourceTree = "<group>"; };
		55ED601C209588A40018CE56 /* BlackLineDrawer.swift */ = {isa = PBXFileReference; lastKnownFileType = sourcecode.swift; path = BlackLineDrawer.swift; sourceTree = "<group>"; };
		55ED6020209591440018CE56 /* BlackLineDrawerTests.swift */ = {isa = PBXFileReference; lastKnownFileType = sourcecode.swift; path = BlackLineDrawerTests.swift; sourceTree = "<group>"; };
		9CBE2233E985059D78A4DB81 /* Pods_MeguroCameraTests.framework */ = {isa = PBXFileReference; explicitFileType = wrapper.framework; includeInIndex = 0; path = Pods_MeguroCameraTests.framework; sourceTree = BUILT_PRODUCTS_DIR; };
		A00A9EA01339F3EAE57D388B /* Pods-MeguroCamera.debug.xcconfig */ = {isa = PBXFileReference; includeInIndex = 1; lastKnownFileType = text.xcconfig; name = "Pods-MeguroCamera.debug.xcconfig"; path = "Pods/Target Support Files/Pods-MeguroCamera/Pods-MeguroCamera.debug.xcconfig"; sourceTree = "<group>"; };
		AC11AA69BE74260A9E694857 /* Pods-MeguroCameraTests.release.xcconfig */ = {isa = PBXFileReference; includeInIndex = 1; lastKnownFileType = text.xcconfig; name = "Pods-MeguroCameraTests.release.xcconfig"; path = "Pods/Target Support Files/Pods-MeguroCameraTests/Pods-MeguroCameraTests.release.xcconfig"; sourceTree = "<group>"; };
		B6A98DF9A8A22CD2EA95E3C5 /* Pods_MeguroCamera.framework */ = {isa = PBXFileReference; explicitFileType = wrapper.framework; includeInIndex = 0; path = Pods_MeguroCamera.framework; sourceTree = BUILT_PRODUCTS_DIR; };
		C843685B46EAF7EFF5A13998 /* Pods-MeguroCameraTests.debug.xcconfig */ = {isa = PBXFileReference; includeInIndex = 1; lastKnownFileType = text.xcconfig; name = "Pods-MeguroCameraTests.debug.xcconfig"; path = "Pods/Target Support Files/Pods-MeguroCameraTests/Pods-MeguroCameraTests.debug.xcconfig"; sourceTree = "<group>"; };
		D1E9EF6F2398F69D6E686D24 /* Pods-MeguroCamera.release.xcconfig */ = {isa = PBXFileReference; includeInIndex = 1; lastKnownFileType = text.xcconfig; name = "Pods-MeguroCamera.release.xcconfig"; path = "Pods/Target Support Files/Pods-MeguroCamera/Pods-MeguroCamera.release.xcconfig"; sourceTree = "<group>"; };
/* End PBXFileReference section */

/* Begin PBXFrameworksBuildPhase section */
		02611D8D1EEA5317009714B8 /* Frameworks */ = {
			isa = PBXFrameworksBuildPhase;
			buildActionMask = 2147483647;
			files = (
				80C59DDF67B872A8633BBF47 /* Pods_MeguroCamera.framework in Frameworks */,
			);
			runOnlyForDeploymentPostprocessing = 0;
		};
		55ED600F2095869A0018CE56 /* Frameworks */ = {
			isa = PBXFrameworksBuildPhase;
			buildActionMask = 2147483647;
			files = (
				3EA8BB92FC2653B50C9CBB67 /* Pods_MeguroCameraTests.framework in Frameworks */,
			);
			runOnlyForDeploymentPostprocessing = 0;
		};
/* End PBXFrameworksBuildPhase section */

/* Begin PBXGroup section */
		02611D871EEA5317009714B8 = {
			isa = PBXGroup;
			children = (
				5500D4BE20921B970039888F /* MeguroCamera */,
				55ED60132095869A0018CE56 /* MeguroCameraTests */,
				02611D911EEA5317009714B8 /* Products */,
				1AB4F87A4660398E59C85062 /* Pods */,
				14B20F056D7ADCD518DA78BC /* Frameworks */,
			);
			sourceTree = "<group>";
		};
		02611D911EEA5317009714B8 /* Products */ = {
			isa = PBXGroup;
			children = (
				02611D901EEA5317009714B8 /* MeguroCamera.app */,
				55ED60122095869A0018CE56 /* MeguroCameraTests.xctest */,
			);
			name = Products;
			sourceTree = "<group>";
		};
		14B20F056D7ADCD518DA78BC /* Frameworks */ = {
			isa = PBXGroup;
			children = (
				B6A98DF9A8A22CD2EA95E3C5 /* Pods_MeguroCamera.framework */,
				9CBE2233E985059D78A4DB81 /* Pods_MeguroCameraTests.framework */,
			);
			name = Frameworks;
			sourceTree = "<group>";
		};
		1AB4F87A4660398E59C85062 /* Pods */ = {
			isa = PBXGroup;
			children = (
				A00A9EA01339F3EAE57D388B /* Pods-MeguroCamera.debug.xcconfig */,
				D1E9EF6F2398F69D6E686D24 /* Pods-MeguroCamera.release.xcconfig */,
				C843685B46EAF7EFF5A13998 /* Pods-MeguroCameraTests.debug.xcconfig */,
				AC11AA69BE74260A9E694857 /* Pods-MeguroCameraTests.release.xcconfig */,
			);
			name = Pods;
			sourceTree = "<group>";
		};
		5500D4BE20921B970039888F /* MeguroCamera */ = {
			isa = PBXGroup;
			children = (
				5500D4BF20921B970039888F /* ViewController.swift */,
				5500D4C020921B970039888F /* PreviewView.swift */,
				5500D4C120921B970039888F /* Assets.xcassets */,
				5500D4C220921B970039888F /* LaunchScreen.storyboard */,
				5500D4C420921B970039888F /* Main.storyboard */,
				5500D4C620921B970039888F /* AppDelegate.swift */,
				55ED601C209588A40018CE56 /* BlackLineDrawer.swift */,
				5500D4C720921B970039888F /* Info.plist */,
				552AB96B209C9DD700BB6B4F /* Constants.swift */,
			);
			path = MeguroCamera;
			sourceTree = "<group>";
		};
		55ED60132095869A0018CE56 /* MeguroCameraTests */ = {
			isa = PBXGroup;
			children = (
				55ED60142095869A0018CE56 /* MeguroCameraTests.swift */,
				55ED60162095869A0018CE56 /* Info.plist */,
				55ED6020209591440018CE56 /* BlackLineDrawerTests.swift */,
			);
			path = MeguroCameraTests;
			sourceTree = "<group>";
		};
/* End PBXGroup section */

/* Begin PBXNativeTarget section */
		02611D8F1EEA5317009714B8 /* MeguroCamera */ = {
			isa = PBXNativeTarget;
			buildConfigurationList = 02611DA21EEA5317009714B8 /* Build configuration list for PBXNativeTarget "MeguroCamera" */;
			buildPhases = (
				A63E40BE9821240B8E2D5D32 /* [CP] Check Pods Manifest.lock */,
				02611D8C1EEA5317009714B8 /* Sources */,
				02611D8D1EEA5317009714B8 /* Frameworks */,
				02611D8E1EEA5317009714B8 /* Resources */,
				BA4594AACE60DA4B5C512A7A /* [CP] Embed Pods Frameworks */,
				2549FEB7C818BF10E8C9CA75 /* [CP] Copy Pods Resources */,
			);
			buildRules = (
			);
			dependencies = (
			);
			name = MeguroCamera;
			productName = VisionDetection;
			productReference = 02611D901EEA5317009714B8 /* MeguroCamera.app */;
			productType = "com.apple.product-type.application";
		};
		55ED60112095869A0018CE56 /* MeguroCameraTests */ = {
			isa = PBXNativeTarget;
			buildConfigurationList = 55ED601B2095869A0018CE56 /* Build configuration list for PBXNativeTarget "MeguroCameraTests" */;
			buildPhases = (
				09AC7B7D5FE92A5E7DF8D33D /* [CP] Check Pods Manifest.lock */,
				55ED600E2095869A0018CE56 /* Sources */,
				55ED600F2095869A0018CE56 /* Frameworks */,
				55ED60102095869A0018CE56 /* Resources */,
			);
			buildRules = (
			);
			dependencies = (
				55ED60182095869A0018CE56 /* PBXTargetDependency */,
			);
			name = MeguroCameraTests;
			productName = MeguroCameraTests;
			productReference = 55ED60122095869A0018CE56 /* MeguroCameraTests.xctest */;
			productType = "com.apple.product-type.bundle.unit-test";
		};
/* End PBXNativeTarget section */

/* Begin PBXProject section */
		02611D881EEA5317009714B8 /* Project object */ = {
			isa = PBXProject;
			attributes = {
				LastSwiftUpdateCheck = 0930;
				LastUpgradeCheck = 0930;
				ORGANIZATIONNAME = uiureo;
				TargetAttributes = {
					02611D8F1EEA5317009714B8 = {
						CreatedOnToolsVersion = 9.0;
						ProvisioningStyle = Automatic;
					};
					55ED60112095869A0018CE56 = {
						CreatedOnToolsVersion = 9.3;
						ProvisioningStyle = Automatic;
						TestTargetID = 02611D8F1EEA5317009714B8;
					};
				};
			};
			buildConfigurationList = 02611D8B1EEA5317009714B8 /* Build configuration list for PBXProject "MeguroCamera" */;
			compatibilityVersion = "Xcode 8.0";
			developmentRegion = en;
			hasScannedForEncodings = 0;
			knownRegions = (
				en,
				Base,
			);
			mainGroup = 02611D871EEA5317009714B8;
			productRefGroup = 02611D911EEA5317009714B8 /* Products */;
			projectDirPath = "";
			projectRoot = "";
			targets = (
				02611D8F1EEA5317009714B8 /* MeguroCamera */,
				55ED60112095869A0018CE56 /* MeguroCameraTests */,
			);
		};
/* End PBXProject section */

/* Begin PBXResourcesBuildPhase section */
		02611D8E1EEA5317009714B8 /* Resources */ = {
			isa = PBXResourcesBuildPhase;
			buildActionMask = 2147483647;
			files = (
				5500D4CE20921B970039888F /* Info.plist in Resources */,
				5500D4CC20921B970039888F /* Main.storyboard in Resources */,
				5500D4CA20921B970039888F /* Assets.xcassets in Resources */,
				5500D4CB20921B970039888F /* LaunchScreen.storyboard in Resources */,
			);
			runOnlyForDeploymentPostprocessing = 0;
		};
		55ED60102095869A0018CE56 /* Resources */ = {
			isa = PBXResourcesBuildPhase;
			buildActionMask = 2147483647;
			files = (
			);
			runOnlyForDeploymentPostprocessing = 0;
		};
/* End PBXResourcesBuildPhase section */

/* Begin PBXShellScriptBuildPhase section */
		09AC7B7D5FE92A5E7DF8D33D /* [CP] Check Pods Manifest.lock */ = {
			isa = PBXShellScriptBuildPhase;
			buildActionMask = 2147483647;
			files = (
			);
			inputPaths = (
				"${PODS_PODFILE_DIR_PATH}/Podfile.lock",
				"${PODS_ROOT}/Manifest.lock",
			);
			name = "[CP] Check Pods Manifest.lock";
			outputPaths = (
				"$(DERIVED_FILE_DIR)/Pods-MeguroCameraTests-checkManifestLockResult.txt",
			);
			runOnlyForDeploymentPostprocessing = 0;
			shellPath = /bin/sh;
			shellScript = "diff \"${PODS_PODFILE_DIR_PATH}/Podfile.lock\" \"${PODS_ROOT}/Manifest.lock\" > /dev/null\nif [ $? != 0 ] ; then\n    # print error to STDERR\n    echo \"error: The sandbox is not in sync with the Podfile.lock. Run 'pod install' or update your CocoaPods installation.\" >&2\n    exit 1\nfi\n# This output is used by Xcode 'outputs' to avoid re-running this script phase.\necho \"SUCCESS\" > \"${SCRIPT_OUTPUT_FILE_0}\"\n";
			showEnvVarsInLog = 0;
		};
		2549FEB7C818BF10E8C9CA75 /* [CP] Copy Pods Resources */ = {
			isa = PBXShellScriptBuildPhase;
			buildActionMask = 2147483647;
			files = (
			);
			inputPaths = (
				"${SRCROOT}/Pods/Target Support Files/Pods-MeguroCamera/Pods-MeguroCamera-resources.sh",
				"${PODS_ROOT}/TwitterKit/iOS/TwitterKit.framework/TwitterKitResources.bundle",
				"${PODS_ROOT}/TwitterKit/iOS/TwitterKit.framework/TwitterShareExtensionUIResources.bundle",
			);
			name = "[CP] Copy Pods Resources";
			outputPaths = (
				"${TARGET_BUILD_DIR}/${UNLOCALIZED_RESOURCES_FOLDER_PATH}/TwitterKitResources.bundle",
				"${TARGET_BUILD_DIR}/${UNLOCALIZED_RESOURCES_FOLDER_PATH}/TwitterShareExtensionUIResources.bundle",
			);
			runOnlyForDeploymentPostprocessing = 0;
			shellPath = /bin/sh;
			shellScript = "\"${SRCROOT}/Pods/Target Support Files/Pods-MeguroCamera/Pods-MeguroCamera-resources.sh\"\n";
			showEnvVarsInLog = 0;
		};
		A63E40BE9821240B8E2D5D32 /* [CP] Check Pods Manifest.lock */ = {
			isa = PBXShellScriptBuildPhase;
			buildActionMask = 2147483647;
			files = (
			);
			inputPaths = (
				"${PODS_PODFILE_DIR_PATH}/Podfile.lock",
				"${PODS_ROOT}/Manifest.lock",
			);
			name = "[CP] Check Pods Manifest.lock";
			outputPaths = (
				"$(DERIVED_FILE_DIR)/Pods-MeguroCamera-checkManifestLockResult.txt",
			);
			runOnlyForDeploymentPostprocessing = 0;
			shellPath = /bin/sh;
			shellScript = "diff \"${PODS_PODFILE_DIR_PATH}/Podfile.lock\" \"${PODS_ROOT}/Manifest.lock\" > /dev/null\nif [ $? != 0 ] ; then\n    # print error to STDERR\n    echo \"error: The sandbox is not in sync with the Podfile.lock. Run 'pod install' or update your CocoaPods installation.\" >&2\n    exit 1\nfi\n# This output is used by Xcode 'outputs' to avoid re-running this script phase.\necho \"SUCCESS\" > \"${SCRIPT_OUTPUT_FILE_0}\"\n";
			showEnvVarsInLog = 0;
		};
		BA4594AACE60DA4B5C512A7A /* [CP] Embed Pods Frameworks */ = {
			isa = PBXShellScriptBuildPhase;
			buildActionMask = 2147483647;
			files = (
			);
			inputPaths = (
				"${SRCROOT}/Pods/Target Support Files/Pods-MeguroCamera/Pods-MeguroCamera-frameworks.sh",
				"${PODS_ROOT}/TwitterCore/iOS/TwitterCore.framework",
				"${PODS_ROOT}/TwitterKit/iOS/TwitterKit.framework",
			);
			name = "[CP] Embed Pods Frameworks";
			outputPaths = (
				"${TARGET_BUILD_DIR}/${FRAMEWORKS_FOLDER_PATH}/TwitterCore.framework",
				"${TARGET_BUILD_DIR}/${FRAMEWORKS_FOLDER_PATH}/TwitterKit.framework",
			);
			runOnlyForDeploymentPostprocessing = 0;
			shellPath = /bin/sh;
			shellScript = "\"${SRCROOT}/Pods/Target Support Files/Pods-MeguroCamera/Pods-MeguroCamera-frameworks.sh\"\n";
			showEnvVarsInLog = 0;
		};
/* End PBXShellScriptBuildPhase section */

/* Begin PBXSourcesBuildPhase section */
		02611D8C1EEA5317009714B8 /* Sources */ = {
			isa = PBXSourcesBuildPhase;
			buildActionMask = 2147483647;
			files = (
				552AB96C209C9DD700BB6B4F /* Constants.swift in Sources */,
				55ED601D209588A40018CE56 /* BlackLineDrawer.swift in Sources */,
				5500D4CD20921B970039888F /* AppDelegate.swift in Sources */,
				5500D4C820921B970039888F /* ViewController.swift in Sources */,
				5500D4C920921B970039888F /* PreviewView.swift in Sources */,
			);
			runOnlyForDeploymentPostprocessing = 0;
		};
		55ED600E2095869A0018CE56 /* Sources */ = {
			isa = PBXSourcesBuildPhase;
			buildActionMask = 2147483647;
			files = (
				55ED6021209591440018CE56 /* BlackLineDrawerTests.swift in Sources */,
				55ED60152095869A0018CE56 /* MeguroCameraTests.swift in Sources */,
			);
			runOnlyForDeploymentPostprocessing = 0;
		};
/* End PBXSourcesBuildPhase section */

/* Begin PBXTargetDependency section */
		55ED60182095869A0018CE56 /* PBXTargetDependency */ = {
			isa = PBXTargetDependency;
			target = 02611D8F1EEA5317009714B8 /* MeguroCamera */;
			targetProxy = 55ED60172095869A0018CE56 /* PBXContainerItemProxy */;
		};
/* End PBXTargetDependency section */

/* Begin PBXVariantGroup section */
		5500D4C220921B970039888F /* LaunchScreen.storyboard */ = {
			isa = PBXVariantGroup;
			children = (
				5500D4C320921B970039888F /* Base */,
				552AB96F209CA0BE00BB6B4F /* ja */,
			);
			name = LaunchScreen.storyboard;
			sourceTree = "<group>";
		};
		5500D4C420921B970039888F /* Main.storyboard */ = {
			isa = PBXVariantGroup;
			children = (
				5500D4C520921B970039888F /* Base */,
				552AB970209CA0BE00BB6B4F /* ja */,
			);
			name = Main.storyboard;
			sourceTree = "<group>";
		};
/* End PBXVariantGroup section */

/* Begin XCBuildConfiguration section */
		02611DA01EEA5317009714B8 /* Debug */ = {
			isa = XCBuildConfiguration;
			buildSettings = {
				ALWAYS_SEARCH_USER_PATHS = NO;
				CLANG_ANALYZER_LOCALIZABILITY_NONLOCALIZED = YES;
				CLANG_ANALYZER_NONNULL = YES;
				CLANG_ANALYZER_NUMBER_OBJECT_CONVERSION = YES_AGGRESSIVE;
				CLANG_CXX_LANGUAGE_STANDARD = "gnu++14";
				CLANG_CXX_LIBRARY = "libc++";
				CLANG_ENABLE_MODULES = YES;
				CLANG_ENABLE_OBJC_ARC = YES;
				CLANG_WARN_BLOCK_CAPTURE_AUTORELEASING = YES;
				CLANG_WARN_BOOL_CONVERSION = YES;
				CLANG_WARN_COMMA = YES;
				CLANG_WARN_CONSTANT_CONVERSION = YES;
				CLANG_WARN_DEPRECATED_OBJC_IMPLEMENTATIONS = YES;
				CLANG_WARN_DIRECT_OBJC_ISA_USAGE = YES_ERROR;
				CLANG_WARN_DOCUMENTATION_COMMENTS = YES;
				CLANG_WARN_EMPTY_BODY = YES;
				CLANG_WARN_ENUM_CONVERSION = YES;
				CLANG_WARN_INFINITE_RECURSION = YES;
				CLANG_WARN_INT_CONVERSION = YES;
				CLANG_WARN_NON_LITERAL_NULL_CONVERSION = YES;
				CLANG_WARN_OBJC_IMPLICIT_RETAIN_SELF = YES;
				CLANG_WARN_OBJC_LITERAL_CONVERSION = YES;
				CLANG_WARN_OBJC_ROOT_CLASS = YES_ERROR;
				CLANG_WARN_RANGE_LOOP_ANALYSIS = YES;
				CLANG_WARN_STRICT_PROTOTYPES = YES;
				CLANG_WARN_SUSPICIOUS_MOVE = YES;
				CLANG_WARN_UNGUARDED_AVAILABILITY = YES_AGGRESSIVE;
				CLANG_WARN_UNREACHABLE_CODE = YES;
				CLANG_WARN__DUPLICATE_METHOD_MATCH = YES;
				CODE_SIGN_IDENTITY = "iPhone Developer";
				COPY_PHASE_STRIP = NO;
				DEBUG_INFORMATION_FORMAT = dwarf;
				ENABLE_STRICT_OBJC_MSGSEND = YES;
				ENABLE_TESTABILITY = YES;
				GCC_C_LANGUAGE_STANDARD = gnu11;
				GCC_DYNAMIC_NO_PIC = NO;
				GCC_NO_COMMON_BLOCKS = YES;
				GCC_OPTIMIZATION_LEVEL = 0;
				GCC_PREPROCESSOR_DEFINITIONS = (
					"DEBUG=1",
					"$(inherited)",
				);
				GCC_WARN_64_TO_32_BIT_CONVERSION = YES;
				GCC_WARN_ABOUT_RETURN_TYPE = YES_ERROR;
				GCC_WARN_UNDECLARED_SELECTOR = YES;
				GCC_WARN_UNINITIALIZED_AUTOS = YES_AGGRESSIVE;
				GCC_WARN_UNUSED_FUNCTION = YES;
				GCC_WARN_UNUSED_VARIABLE = YES;
				INFOPLIST_FILE = "";
				IPHONEOS_DEPLOYMENT_TARGET = 11.0;
				MTL_ENABLE_DEBUG_INFO = YES;
				ONLY_ACTIVE_ARCH = YES;
				SDKROOT = iphoneos;
				SWIFT_ACTIVE_COMPILATION_CONDITIONS = DEBUG;
				SWIFT_OPTIMIZATION_LEVEL = "-Onone";
			};
			name = Debug;
		};
		02611DA11EEA5317009714B8 /* Release */ = {
			isa = XCBuildConfiguration;
			buildSettings = {
				ALWAYS_SEARCH_USER_PATHS = NO;
				CLANG_ANALYZER_LOCALIZABILITY_NONLOCALIZED = YES;
				CLANG_ANALYZER_NONNULL = YES;
				CLANG_ANALYZER_NUMBER_OBJECT_CONVERSION = YES_AGGRESSIVE;
				CLANG_CXX_LANGUAGE_STANDARD = "gnu++14";
				CLANG_CXX_LIBRARY = "libc++";
				CLANG_ENABLE_MODULES = YES;
				CLANG_ENABLE_OBJC_ARC = YES;
				CLANG_WARN_BLOCK_CAPTURE_AUTORELEASING = YES;
				CLANG_WARN_BOOL_CONVERSION = YES;
				CLANG_WARN_COMMA = YES;
				CLANG_WARN_CONSTANT_CONVERSION = YES;
				CLANG_WARN_DEPRECATED_OBJC_IMPLEMENTATIONS = YES;
				CLANG_WARN_DIRECT_OBJC_ISA_USAGE = YES_ERROR;
				CLANG_WARN_DOCUMENTATION_COMMENTS = YES;
				CLANG_WARN_EMPTY_BODY = YES;
				CLANG_WARN_ENUM_CONVERSION = YES;
				CLANG_WARN_INFINITE_RECURSION = YES;
				CLANG_WARN_INT_CONVERSION = YES;
				CLANG_WARN_NON_LITERAL_NULL_CONVERSION = YES;
				CLANG_WARN_OBJC_IMPLICIT_RETAIN_SELF = YES;
				CLANG_WARN_OBJC_LITERAL_CONVERSION = YES;
				CLANG_WARN_OBJC_ROOT_CLASS = YES_ERROR;
				CLANG_WARN_RANGE_LOOP_ANALYSIS = YES;
				CLANG_WARN_STRICT_PROTOTYPES = YES;
				CLANG_WARN_SUSPICIOUS_MOVE = YES;
				CLANG_WARN_UNGUARDED_AVAILABILITY = YES_AGGRESSIVE;
				CLANG_WARN_UNREACHABLE_CODE = YES;
				CLANG_WARN__DUPLICATE_METHOD_MATCH = YES;
				CODE_SIGN_IDENTITY = "iPhone Developer";
				COPY_PHASE_STRIP = NO;
				DEBUG_INFORMATION_FORMAT = "dwarf-with-dsym";
				ENABLE_NS_ASSERTIONS = NO;
				ENABLE_STRICT_OBJC_MSGSEND = YES;
				GCC_C_LANGUAGE_STANDARD = gnu11;
				GCC_NO_COMMON_BLOCKS = YES;
				GCC_WARN_64_TO_32_BIT_CONVERSION = YES;
				GCC_WARN_ABOUT_RETURN_TYPE = YES_ERROR;
				GCC_WARN_UNDECLARED_SELECTOR = YES;
				GCC_WARN_UNINITIALIZED_AUTOS = YES_AGGRESSIVE;
				GCC_WARN_UNUSED_FUNCTION = YES;
				GCC_WARN_UNUSED_VARIABLE = YES;
				INFOPLIST_FILE = "";
				IPHONEOS_DEPLOYMENT_TARGET = 11.0;
				MTL_ENABLE_DEBUG_INFO = NO;
				SDKROOT = iphoneos;
				SWIFT_OPTIMIZATION_LEVEL = "-Owholemodule";
				VALIDATE_PRODUCT = YES;
			};
			name = Release;
		};
		02611DA31EEA5317009714B8 /* Debug */ = {
			isa = XCBuildConfiguration;
			baseConfigurationReference = A00A9EA01339F3EAE57D388B /* Pods-MeguroCamera.debug.xcconfig */;
			buildSettings = {
				ASSETCATALOG_COMPILER_APPICON_NAME = AppIcon;
				ASSETCATALOG_COMPILER_LAUNCHIMAGE_NAME = LaunchImage;
				CODE_SIGN_IDENTITY = "iPhone Developer";
				CODE_SIGN_STYLE = Automatic;
				DEVELOPMENT_TEAM = CWB2B3MV5Y;
				INFOPLIST_FILE = MeguroCamera/Info.plist;
				LD_RUNPATH_SEARCH_PATHS = "$(inherited) @executable_path/Frameworks";
				PRODUCT_BUNDLE_IDENTIFIER = com.uiureo.MeguroCamera;
				PRODUCT_NAME = "$(TARGET_NAME)";
				PROVISIONING_PROFILE_SPECIFIER = "";
				SWIFT_VERSION = 4.0;
				TARGETED_DEVICE_FAMILY = 1;
			};
			name = Debug;
		};
		02611DA41EEA5317009714B8 /* Release */ = {
			isa = XCBuildConfiguration;
			baseConfigurationReference = D1E9EF6F2398F69D6E686D24 /* Pods-MeguroCamera.release.xcconfig */;
			buildSettings = {
				ASSETCATALOG_COMPILER_APPICON_NAME = AppIcon;
				ASSETCATALOG_COMPILER_LAUNCHIMAGE_NAME = LaunchImage;
				CODE_SIGN_IDENTITY = "iPhone Developer";
				CODE_SIGN_STYLE = Automatic;
				DEVELOPMENT_TEAM = CWB2B3MV5Y;
				INFOPLIST_FILE = MeguroCamera/Info.plist;
				LD_RUNPATH_SEARCH_PATHS = "$(inherited) @executable_path/Frameworks";
				PRODUCT_BUNDLE_IDENTIFIER = com.uiureo.MeguroCamera;
				PRODUCT_NAME = "$(TARGET_NAME)";
				PROVISIONING_PROFILE_SPECIFIER = "";
				SWIFT_VERSION = 4.0;
				TARGETED_DEVICE_FAMILY = 1;
			};
			name = Release;
		};
		55ED60192095869A0018CE56 /* Debug */ = {
			isa = XCBuildConfiguration;
			baseConfigurationReference = C843685B46EAF7EFF5A13998 /* Pods-MeguroCameraTests.debug.xcconfig */;
			buildSettings = {
				BUNDLE_LOADER = "$(TEST_HOST)";
				CLANG_ENABLE_OBJC_WEAK = YES;
				CODE_SIGN_STYLE = Automatic;
				DEVELOPMENT_TEAM = CWB2B3MV5Y;
				INFOPLIST_FILE = MeguroCameraTests/Info.plist;
				IPHONEOS_DEPLOYMENT_TARGET = 11.3;
				LD_RUNPATH_SEARCH_PATHS = "$(inherited) @executable_path/Frameworks @loader_path/Frameworks";
				PRODUCT_BUNDLE_IDENTIFIER = com.uiureo.MeguroCameraTests;
				PRODUCT_NAME = "$(TARGET_NAME)";
				SWIFT_VERSION = 4.0;
				TARGETED_DEVICE_FAMILY = "1,2";
				TEST_HOST = "$(BUILT_PRODUCTS_DIR)/MeguroCamera.app/MeguroCamera";
			};
			name = Debug;
		};
		55ED601A2095869A0018CE56 /* Release */ = {
			isa = XCBuildConfiguration;
			baseConfigurationReference = AC11AA69BE74260A9E694857 /* Pods-MeguroCameraTests.release.xcconfig */;
			buildSettings = {
				BUNDLE_LOADER = "$(TEST_HOST)";
				CLANG_ENABLE_OBJC_WEAK = YES;
				CODE_SIGN_STYLE = Automatic;
				DEVELOPMENT_TEAM = CWB2B3MV5Y;
				INFOPLIST_FILE = MeguroCameraTests/Info.plist;
				IPHONEOS_DEPLOYMENT_TARGET = 11.3;
				LD_RUNPATH_SEARCH_PATHS = "$(inherited) @executable_path/Frameworks @loader_path/Frameworks";
				PRODUCT_BUNDLE_IDENTIFIER = com.uiureo.MeguroCameraTests;
				PRODUCT_NAME = "$(TARGET_NAME)";
				SWIFT_VERSION = 4.0;
				TARGETED_DEVICE_FAMILY = "1,2";
				TEST_HOST = "$(BUILT_PRODUCTS_DIR)/MeguroCamera.app/MeguroCamera";
			};
			name = Release;
		};
/* End XCBuildConfiguration section */

/* Begin XCConfigurationList section */
		02611D8B1EEA5317009714B8 /* Build configuration list for PBXProject "MeguroCamera" */ = {
			isa = XCConfigurationList;
			buildConfigurations = (
				02611DA01EEA5317009714B8 /* Debug */,
				02611DA11EEA5317009714B8 /* Release */,
			);
			defaultConfigurationIsVisible = 0;
			defaultConfigurationName = Release;
		};
		02611DA21EEA5317009714B8 /* Build configuration list for PBXNativeTarget "MeguroCamera" */ = {
			isa = XCConfigurationList;
			buildConfigurations = (
				02611DA31EEA5317009714B8 /* Debug */,
				02611DA41EEA5317009714B8 /* Release */,
			);
			defaultConfigurationIsVisible = 0;
			defaultConfigurationName = Release;
		};
		55ED601B2095869A0018CE56 /* Build configuration list for PBXNativeTarget "MeguroCameraTests" */ = {
			isa = XCConfigurationList;
			buildConfigurations = (
				55ED60192095869A0018CE56 /* Debug */,
				55ED601A2095869A0018CE56 /* Release */,
			);
			defaultConfigurationIsVisible = 0;
			defaultConfigurationName = Release;
		};
/* End XCConfigurationList section */
	};
	rootObject = 02611D881EEA5317009714B8 /* Project object */;
}
